// !$*UTF8*$!
{
	archiveVersion = 1;
	classes = {
	};
	objectVersion = 48;
	objects = {

/* Begin PBXBuildFile section */
		D68A0427219A3CEF00143C26 /* AppDelegate.swift in Sources */ = {isa = PBXBuildFile; fileRef = D68A0426219A3CEF00143C26 /* AppDelegate.swift */; };
		D68A0429219A3CEF00143C26 /* ViewController.swift in Sources */ = {isa = PBXBuildFile; fileRef = D68A0428219A3CEF00143C26 /* ViewController.swift */; };
		D68A042C219A3CEF00143C26 /* Main.storyboard in Resources */ = {isa = PBXBuildFile; fileRef = D68A042A219A3CEF00143C26 /* Main.storyboard */; };
		D68A042E219A3CEF00143C26 /* Assets.xcassets in Resources */ = {isa = PBXBuildFile; fileRef = D68A042D219A3CEF00143C26 /* Assets.xcassets */; };
		D68A0431219A3CEF00143C26 /* LaunchScreen.storyboard in Resources */ = {isa = PBXBuildFile; fileRef = D68A042F219A3CEF00143C26 /* LaunchScreen.storyboard */; };
		D68A0439219A40DA00143C26 /* ImageViewController.swift in Sources */ = {isa = PBXBuildFile; fileRef = D68A0438219A40DA00143C26 /* ImageViewController.swift */; };
		D68A043B219A41D300143C26 /* podfile in Resources */ = {isa = PBXBuildFile; fileRef = D68A043A219A41D300143C26 /* podfile */; };
		D68A043D219A441D00143C26 /* CollectionViewCell.swift in Sources */ = {isa = PBXBuildFile; fileRef = D68A043C219A441D00143C26 /* CollectionViewCell.swift */; };
		D68A043F219A4A2C00143C26 /* imagePlaceholder.png in Resources */ = {isa = PBXBuildFile; fileRef = D68A043E219A4A2C00143C26 /* imagePlaceholder.png */; };
/* End PBXBuildFile section */

/* Begin PBXFileReference section */
		D68A0423219A3CEF00143C26 /* AffirmSearchFlickr.app */ = {isa = PBXFileReference; explicitFileType = wrapper.application; includeInIndex = 0; path = AffirmSearchFlickr.app; sourceTree = BUILT_PRODUCTS_DIR; };
		D68A0426219A3CEF00143C26 /* AppDelegate.swift */ = {isa = PBXFileReference; lastKnownFileType = sourcecode.swift; path = AppDelegate.swift; sourceTree = "<group>"; };
		D68A0428219A3CEF00143C26 /* ViewController.swift */ = {isa = PBXFileReference; lastKnownFileType = sourcecode.swift; path = ViewController.swift; sourceTree = "<group>"; };
		D68A042B219A3CEF00143C26 /* Base */ = {isa = PBXFileReference; lastKnownFileType = file.storyboard; name = Base; path = Base.lproj/Main.storyboard; sourceTree = "<group>"; };
		D68A042D219A3CEF00143C26 /* Assets.xcassets */ = {isa = PBXFileReference; lastKnownFileType = folder.assetcatalog; path = Assets.xcassets; sourceTree = "<group>"; };
		D68A0430219A3CEF00143C26 /* Base */ = {isa = PBXFileReference; lastKnownFileType = file.storyboard; name = Base; path = Base.lproj/LaunchScreen.storyboard; sourceTree = "<group>"; };
		D68A0432219A3CEF00143C26 /* Info.plist */ = {isa = PBXFileReference; lastKnownFileType = text.plist.xml; path = Info.plist; sourceTree = "<group>"; };
		D68A0438219A40DA00143C26 /* ImageViewController.swift */ = {isa = PBXFileReference; lastKnownFileType = sourcecode.swift; path = ImageViewController.swift; sourceTree = "<group>"; };
		D68A043A219A41D300143C26 /* podfile */ = {isa = PBXFileReference; lastKnownFileType = text; path = podfile; sourceTree = "<group>"; };
		D68A043C219A441D00143C26 /* CollectionViewCell.swift */ = {isa = PBXFileReference; lastKnownFileType = sourcecode.swift; path = CollectionViewCell.swift; sourceTree = "<group>"; };
		D68A043E219A4A2C00143C26 /* imagePlaceholder.png */ = {isa = PBXFileReference; lastKnownFileType = image.png; path = imagePlaceholder.png; sourceTree = "<group>"; };
/* End PBXFileReference section */

/* Begin PBXFrameworksBuildPhase section */
		D68A0420219A3CEF00143C26 /* Frameworks */ = {
			isa = PBXFrameworksBuildPhase;
			buildActionMask = 2147483647;
			files = (
			);
			runOnlyForDeploymentPostprocessing = 0;
		};
/* End PBXFrameworksBuildPhase section */

/* Begin PBXGroup section */
		D68A041A219A3CEF00143C26 = {
			isa = PBXGroup;
			children = (
				D68A0425219A3CEF00143C26 /* AffirmSearchFlickr */,
				D68A0424219A3CEF00143C26 /* Products */,
			);
			sourceTree = "<group>";
		};
		D68A0424219A3CEF00143C26 /* Products */ = {
			isa = PBXGroup;
			children = (
				D68A0423219A3CEF00143C26 /* AffirmSearchFlickr.app */,
			);
			name = Products;
			sourceTree = "<group>";
		};
		D68A0425219A3CEF00143C26 /* AffirmSearchFlickr */ = {
			isa = PBXGroup;
			children = (
				D68A043E219A4A2C00143C26 /* imagePlaceholder.png */,
				D68A0426219A3CEF00143C26 /* AppDelegate.swift */,
				D68A0428219A3CEF00143C26 /* ViewController.swift */,
				D68A042A219A3CEF00143C26 /* Main.storyboard */,
				D68A042D219A3CEF00143C26 /* Assets.xcassets */,
				D68A042F219A3CEF00143C26 /* LaunchScreen.storyboard */,
				D68A0432219A3CEF00143C26 /* Info.plist */,
				D68A0438219A40DA00143C26 /* ImageViewController.swift */,
				D68A043A219A41D300143C26 /* podfile */,
				D68A043C219A441D00143C26 /* CollectionViewCell.swift */,
			);
			path = AffirmSearchFlickr;
			sourceTree = "<group>";
		};
/* End PBXGroup section */

/* Begin PBXNativeTarget section */
		D68A0422219A3CEF00143C26 /* AffirmSearchFlickr */ = {
			isa = PBXNativeTarget;
			buildConfigurationList = D68A0435219A3CEF00143C26 /* Build configuration list for PBXNativeTarget "AffirmSearchFlickr" */;
			buildPhases = (
				D68A041F219A3CEF00143C26 /* Sources */,
				D68A0420219A3CEF00143C26 /* Frameworks */,
				D68A0421219A3CEF00143C26 /* Resources */,
			);
			buildRules = (
			);
			dependencies = (
			);
			name = AffirmSearchFlickr;
			productName = AffirmSearchFlickr;
			productReference = D68A0423219A3CEF00143C26 /* AffirmSearchFlickr.app */;
			productType = "com.apple.product-type.application";
		};
/* End PBXNativeTarget section */

/* Begin PBXProject section */
		D68A041B219A3CEF00143C26 /* Project object */ = {
			isa = PBXProject;
			attributes = {
				LastSwiftUpdateCheck = 0920;
				LastUpgradeCheck = 0920;
				ORGANIZATIONNAME = Affirm;
				TargetAttributes = {
					D68A0422219A3CEF00143C26 = {
						CreatedOnToolsVersion = 9.2;
						ProvisioningStyle = Automatic;
					};
				};
			};
			buildConfigurationList = D68A041E219A3CEF00143C26 /* Build configuration list for PBXProject "AffirmSearchFlickr" */;
			compatibilityVersion = "Xcode 8.0";
			developmentRegion = en;
			hasScannedForEncodings = 0;
			knownRegions = (
				en,
				Base,
			);
			mainGroup = D68A041A219A3CEF00143C26;
			productRefGroup = D68A0424219A3CEF00143C26 /* Products */;
			projectDirPath = "";
			projectRoot = "";
			targets = (
				D68A0422219A3CEF00143C26 /* AffirmSearchFlickr */,
			);
		};
/* End PBXProject section */

/* Begin PBXResourcesBuildPhase section */
		D68A0421219A3CEF00143C26 /* Resources */ = {
			isa = PBXResourcesBuildPhase;
			buildActionMask = 2147483647;
			files = (
				D68A0431219A3CEF00143C26 /* LaunchScreen.storyboard in Resources */,
				D68A042E219A3CEF00143C26 /* Assets.xcassets in Resources */,
				D68A043F219A4A2C00143C26 /* imagePlaceholder.png in Resources */,
				D68A043B219A41D300143C26 /* podfile in Resources */,
				D68A042C219A3CEF00143C26 /* Main.storyboard in Resources */,
			);
			runOnlyForDeploymentPostprocessing = 0;
		};
/* End PBXResourcesBuildPhase section */

/* Begin PBXSourcesBuildPhase section */
		D68A041F219A3CEF00143C26 /* Sources */ = {
			isa = PBXSourcesBuildPhase;
			buildActionMask = 2147483647;
			files = (
				D68A0429219A3CEF00143C26 /* ViewController.swift in Sources */,
				D68A0439219A40DA00143C26 /* ImageViewController.swift in Sources */,
				D68A043D219A441D00143C26 /* CollectionViewCell.swift in Sources */,
				D68A0427219A3CEF00143C26 /* AppDelegate.swift in Sources */,
			);
			runOnlyForDeploymentPostprocessing = 0;
		};
/* End PBXSourcesBuildPhase section */

/* Begin PBXVariantGroup section */
		D68A042A219A3CEF00143C26 /* Main.storyboard */ = {
			isa = PBXVariantGroup;
			children = (
				D68A042B219A3CEF00143C26 /* Base */,
			);
			name = Main.storyboard;
			sourceTree = "<group>";
		};
		D68A042F219A3CEF00143C26 /* LaunchScreen.storyboard */ = {
			isa = PBXVariantGroup;
			children = (
				D68A0430219A3CEF00143C26 /* Base */,
			);
			name = LaunchScreen.storyboard;
			sourceTree = "<group>";
		};
/* End PBXVariantGroup section */

/* Begin XCBuildConfiguration section */
		D68A0433219A3CEF00143C26 /* Debug */ = {
			isa = XCBuildConfiguration;
			buildSettings = {
				ALWAYS_SEARCH_USER_PATHS = NO;
				CLANG_ANALYZER_NONNULL = YES;
				CLANG_ANALYZER_NUMBER_OBJECT_CONVERSION = YES_AGGRESSIVE;
				CLANG_CXX_LANGUAGE_STANDARD = "gnu++14";
				CLANG_CXX_LIBRARY = "libc++";
				CLANG_ENABLE_MODULES = YES;
				CLANG_ENABLE_OBJC_ARC = YES;
				CLANG_WARN_BLOCK_CAPTURE_AUTORELEASING = YES;
				CLANG_WARN_BOOL_CONVERSION = YES;
				CLANG_WARN_COMMA = YES;
				CLANG_WARN_CONSTANT_CONVERSION = YES;
				CLANG_WARN_DIRECT_OBJC_ISA_USAGE = YES_ERROR;
				CLANG_WARN_DOCUMENTATION_COMMENTS = YES;
				CLANG_WARN_EMPTY_BODY = YES;
				CLANG_WARN_ENUM_CONVERSION = YES;
				CLANG_WARN_INFINITE_RECURSION = YES;
				CLANG_WARN_INT_CONVERSION = YES;
				CLANG_WARN_NON_LITERAL_NULL_CONVERSION = YES;
				CLANG_WARN_OBJC_LITERAL_CONVERSION = YES;
				CLANG_WARN_OBJC_ROOT_CLASS = YES_ERROR;
				CLANG_WARN_RANGE_LOOP_ANALYSIS = YES;
				CLANG_WARN_STRICT_PROTOTYPES = YES;
				CLANG_WARN_SUSPICIOUS_MOVE = YES;
				CLANG_WARN_UNGUARDED_AVAILABILITY = YES_AGGRESSIVE;
				CLANG_WARN_UNREACHABLE_CODE = YES;
				CLANG_WARN__DUPLICATE_METHOD_MATCH = YES;
				CODE_SIGN_IDENTITY = "iPhone Developer";
				COPY_PHASE_STRIP = NO;
				DEBUG_INFORMATION_FORMAT = dwarf;
				ENABLE_STRICT_OBJC_MSGSEND = YES;
				ENABLE_TESTABILITY = YES;
				GCC_C_LANGUAGE_STANDARD = gnu11;
				GCC_DYNAMIC_NO_PIC = NO;
				GCC_NO_COMMON_BLOCKS = YES;
				GCC_OPTIMIZATION_LEVEL = 0;
				GCC_PREPROCESSOR_DEFINITIONS = (
					"DEBUG=1",
					"$(inherited)",
				);
				GCC_WARN_64_TO_32_BIT_CONVERSION = YES;
				GCC_WARN_ABOUT_RETURN_TYPE = YES_ERROR;
				GCC_WARN_UNDECLARED_SELECTOR = YES;
				GCC_WARN_UNINITIALIZED_AUTOS = YES_AGGRESSIVE;
				GCC_WARN_UNUSED_FUNCTION = YES;
				GCC_WARN_UNUSED_VARIABLE = YES;
				IPHONEOS_DEPLOYMENT_TARGET = 11.2;
				MTL_ENABLE_DEBUG_INFO = YES;
				ONLY_ACTIVE_ARCH = YES;
				SDKROOT = iphoneos;
				SWIFT_ACTIVE_COMPILATION_CONDITIONS = DEBUG;
				SWIFT_OPTIMIZATION_LEVEL = "-Onone";
			};
			name = Debug;
		};
		D68A0434219A3CEF00143C26 /* Release */ = {
			isa = XCBuildConfiguration;
			buildSettings = {
				ALWAYS_SEARCH_USER_PATHS = NO;
				CLANG_ANALYZER_NONNULL = YES;
				CLANG_ANALYZER_NUMBER_OBJECT_CONVERSION = YES_AGGRESSIVE;
				CLANG_CXX_LANGUAGE_STANDARD = "gnu++14";
				CLANG_CXX_LIBRARY = "libc++";
				CLANG_ENABLE_MODULES = YES;
				CLANG_ENABLE_OBJC_ARC = YES;
				CLANG_WARN_BLOCK_CAPTURE_AUTORELEASING = YES;
				CLANG_WARN_BOOL_CONVERSION = YES;
				CLANG_WARN_COMMA = YES;
				CLANG_WARN_CONSTANT_CONVERSION = YES;
				CLANG_WARN_DIRECT_OBJC_ISA_USAGE = YES_ERROR;
				CLANG_WARN_DOCUMENTATION_COMMENTS = YES;
				CLANG_WARN_EMPTY_BODY = YES;
				CLANG_WARN_ENUM_CONVERSION = YES;
				CLANG_WARN_INFINITE_RECURSION = YES;
				CLANG_WARN_INT_CONVERSION = YES;
				CLANG_WARN_NON_LITERAL_NULL_CONVERSION = YES;
				CLANG_WARN_OBJC_LITERAL_CONVERSION = YES;
				CLANG_WARN_OBJC_ROOT_CLASS = YES_ERROR;
				CLANG_WARN_RANGE_LOOP_ANALYSIS = YES;
				CLANG_WARN_STRICT_PROTOTYPES = YES;
				CLANG_WARN_SUSPICIOUS_MOVE = YES;
				CLANG_WARN_UNGUARDED_AVAILABILITY = YES_AGGRESSIVE;
				CLANG_WARN_UNREACHABLE_CODE = YES;
				CLANG_WARN__DUPLICATE_METHOD_MATCH = YES;
				CODE_SIGN_IDENTITY = "iPhone Developer";
				COPY_PHASE_STRIP = NO;
				DEBUG_INFORMATION_FORMAT = "dwarf-with-dsym";
				ENABLE_NS_ASSERTIONS = NO;
				ENABLE_STRICT_OBJC_MSGSEND = YES;
				GCC_C_LANGUAGE_STANDARD = gnu11;
				GCC_NO_COMMON_BLOCKS = YES;
				GCC_WARN_64_TO_32_BIT_CONVERSION = YES;
				GCC_WARN_ABOUT_RETURN_TYPE = YES_ERROR;
				GCC_WARN_UNDECLARED_SELECTOR = YES;
				GCC_WARN_UNINITIALIZED_AUTOS = YES_AGGRESSIVE;
				GCC_WARN_UNUSED_FUNCTION = YES;
				GCC_WARN_UNUSED_VARIABLE = YES;
				IPHONEOS_DEPLOYMENT_TARGET = 11.2;
				MTL_ENABLE_DEBUG_INFO = NO;
				SDKROOT = iphoneos;
				SWIFT_OPTIMIZATION_LEVEL = "-Owholemodule";
				VALIDATE_PRODUCT = YES;
			};
			name = Release;
		};
		D68A0436219A3CEF00143C26 /* Debug */ = {
			isa = XCBuildConfiguration;
			buildSettings = {
				ASSETCATALOG_COMPILER_APPICON_NAME = AppIcon;
				CODE_SIGN_STYLE = Automatic;
				DEVELOPMENT_TEAM = 54DYSR4LKH;
				INFOPLIST_FILE = AffirmSearchFlickr/Info.plist;
				LD_RUNPATH_SEARCH_PATHS = "$(inherited) @executable_path/Frameworks";
				PRODUCT_BUNDLE_IDENTIFIER = com.affirm.AffirmSearchFlickr;
				PRODUCT_NAME = "$(TARGET_NAME)";
				SWIFT_VERSION = 4.0;
				TARGETED_DEVICE_FAMILY = "1,2";
			};
			name = Debug;
		};
		D68A0437219A3CEF00143C26 /* Release */ = {
			isa = XCBuildConfiguration;
			buildSettings = {
				ASSETCATALOG_COMPILER_APPICON_NAME = AppIcon;
				CODE_SIGN_STYLE = Automatic;
				DEVELOPMENT_TEAM = 54DYSR4LKH;
				INFOPLIST_FILE = AffirmSearchFlickr/Info.plist;
				LD_RUNPATH_SEARCH_PATHS = "$(inherited) @executable_path/Frameworks";
				PRODUCT_BUNDLE_IDENTIFIER = com.affirm.AffirmSearchFlickr;
				PRODUCT_NAME = "$(TARGET_NAME)";
				SWIFT_VERSION = 4.0;
				TARGETED_DEVICE_FAMILY = "1,2";
			};
			name = Release;
		};
/* End XCBuildConfiguration section */

/* Begin XCConfigurationList section */
		D68A041E219A3CEF00143C26 /* Build configuration list for PBXProject "AffirmSearchFlickr" */ = {
			isa = XCConfigurationList;
			buildConfigurations = (
				D68A0433219A3CEF00143C26 /* Debug */,
				D68A0434219A3CEF00143C26 /* Release */,
			);
			defaultConfigurationIsVisible = 0;
			defaultConfigurationName = Release;
		};
		D68A0435219A3CEF00143C26 /* Build configuration list for PBXNativeTarget "AffirmSearchFlickr" */ = {
			isa = XCConfigurationList;
			buildConfigurations = (
				D68A0436219A3CEF00143C26 /* Debug */,
				D68A0437219A3CEF00143C26 /* Release */,
			);
			defaultConfigurationIsVisible = 0;
			defaultConfigurationName = Release;
		};
/* End XCConfigurationList section */
	};
	rootObject = D68A041B219A3CEF00143C26 /* Project object */;
}
